{
  "version": 4,
  "terraform_version": "0.12.21",
  "serial": 26,
  "lineage": "0dddf71b-6bf6-4706-de6d-df4d77755dda",
  "outputs": {},
  "resources": [
    {
      "mode": "managed",
      "type": "digitalocean_droplet",
      "name": "web1",
      "provider": "provider.digitalocean",
      "instances": [
        {
          "schema_version": 1,
          "attributes": {
            "backups": false,
            "created_at": "2020-03-02T16:46:05Z",
            "disk": 20,
            "id": "182946842",
            "image": "ubuntu-16-04-x64",
            "ipv4_address": "68.183.156.237",
            "ipv4_address_private": "10.132.123.244",
            "ipv6": false,
            "ipv6_address": "",
            "ipv6_address_private": null,
            "locked": false,
            "memory": 512,
            "monitoring": false,
            "name": "web1",
            "price_hourly": 0.00744,
            "price_monthly": 5,
            "private_networking": true,
            "region": "nyc3",
            "resize_disk": true,
            "size": "512mb",
            "ssh_keys": [
              "bc:a5:e8:60:58:24:0e:c8:e4:cd:08:8c:46:f9:f1:69"
            ],
            "status": "active",
            "tags": null,
            "urn": "do:droplet:182946842",
            "user_data": null,
            "vcpus": 1,
            "volume_ids": []
          },
          "private": "eyJzY2hlbWFfdmVyc2lvbiI6IjEifQ=="
        }
      ]
    }
  ]
}
